// !$*UTF8*$!
{
	archiveVersion = 1;
	classes = {
	};
	objectVersion = 52;
	objects = {

/* Begin PBXBuildFile section */
		2C094CFC26F0F676003E20CE /* hitradio_iosApp.swift in Sources */ = {isa = PBXBuildFile; fileRef = 2C094CFB26F0F676003E20CE /* hitradio_iosApp.swift */; };
		2C094CFE26F0F676003E20CE /* ContentView.swift in Sources */ = {isa = PBXBuildFile; fileRef = 2C094CFD26F0F676003E20CE /* ContentView.swift */; };
		2C094D0026F0F677003E20CE /* Assets.xcassets in Resources */ = {isa = PBXBuildFile; fileRef = 2C094CFF26F0F677003E20CE /* Assets.xcassets */; };
		2C094D0326F0F677003E20CE /* Preview Assets.xcassets in Resources */ = {isa = PBXBuildFile; fileRef = 2C094D0226F0F677003E20CE /* Preview Assets.xcassets */; };
		2C094D0E26F0F677003E20CE /* hitradio_iosTests.swift in Sources */ = {isa = PBXBuildFile; fileRef = 2C094D0D26F0F677003E20CE /* hitradio_iosTests.swift */; };
		2C094D1926F0F678003E20CE /* hitradio_iosUITests.swift in Sources */ = {isa = PBXBuildFile; fileRef = 2C094D1826F0F678003E20CE /* hitradio_iosUITests.swift */; };
		2C094D3826F46225003E20CE /* SourceUrl.swift in Sources */ = {isa = PBXBuildFile; fileRef = 2C094D3626F46225003E20CE /* SourceUrl.swift */; };
		2C094D3926F46225003E20CE /* StreamQuality.swift in Sources */ = {isa = PBXBuildFile; fileRef = 2C094D3726F46225003E20CE /* StreamQuality.swift */; };
		2C094D3E26F46237003E20CE /* Source.swift in Sources */ = {isa = PBXBuildFile; fileRef = 2C094D3A26F46237003E20CE /* Source.swift */; };
		2C094D3F26F46237003E20CE /* ChanginMetadataSource.swift in Sources */ = {isa = PBXBuildFile; fileRef = 2C094D3B26F46237003E20CE /* ChanginMetadataSource.swift */; };
		2C094D4026F46237003E20CE /* MetadataObserver.swift in Sources */ = {isa = PBXBuildFile; fileRef = 2C094D3C26F46237003E20CE /* MetadataObserver.swift */; };
		2C094D4126F46237003E20CE /* SimpleSource.swift in Sources */ = {isa = PBXBuildFile; fileRef = 2C094D3D26F46237003E20CE /* SimpleSource.swift */; };
		2C094D4426F46251003E20CE /* AudioController.swift in Sources */ = {isa = PBXBuildFile; fileRef = 2C094D4226F46251003E20CE /* AudioController.swift */; };
		2C094D4526F46251003E20CE /* MetaData.swift in Sources */ = {isa = PBXBuildFile; fileRef = 2C094D4326F46251003E20CE /* MetaData.swift */; };
		2C094D4826F46263003E20CE /* AudioPlayer.swift in Sources */ = {isa = PBXBuildFile; fileRef = 2C094D4626F46263003E20CE /* AudioPlayer.swift */; };
		2C094D4926F46263003E20CE /* AudioPlayingStateObserver.swift in Sources */ = {isa = PBXBuildFile; fileRef = 2C094D4726F46263003E20CE /* AudioPlayingStateObserver.swift */; };
		2C094D4B26F4628F003E20CE /* ProgramsResult.swift in Sources */ = {isa = PBXBuildFile; fileRef = 2C094D4A26F4628F003E20CE /* ProgramsResult.swift */; };
		2C094D4E26F4629B003E20CE /* CurrentProgramChanger.swift in Sources */ = {isa = PBXBuildFile; fileRef = 2C094D4C26F4629B003E20CE /* CurrentProgramChanger.swift */; };
		2C094D4F26F4629B003E20CE /* CurrentProgramObserver.swift in Sources */ = {isa = PBXBuildFile; fileRef = 2C094D4D26F4629B003E20CE /* CurrentProgramObserver.swift */; };
		2C094D5126F462A9003E20CE /* ProgramGuideApi.swift in Sources */ = {isa = PBXBuildFile; fileRef = 2C094D5026F462A9003E20CE /* ProgramGuideApi.swift */; };
		2C094D5326F462B1003E20CE /* ProgramGuideItem.swift in Sources */ = {isa = PBXBuildFile; fileRef = 2C094D5226F462B1003E20CE /* ProgramGuideItem.swift */; };
		2C094D5626F462E1003E20CE /* PodcastProgram.swift in Sources */ = {isa = PBXBuildFile; fileRef = 2C094D5426F462E1003E20CE /* PodcastProgram.swift */; };
		2C094D5726F462E1003E20CE /* PodcastItem.swift in Sources */ = {isa = PBXBuildFile; fileRef = 2C094D5526F462E1003E20CE /* PodcastItem.swift */; };
		2C094D5A26F46314003E20CE /* PodcastApi.swift in Sources */ = {isa = PBXBuildFile; fileRef = 2C094D5926F46314003E20CE /* PodcastApi.swift */; };
		2C094D5D26F46399003E20CE /* Audiotest.swift in Sources */ = {isa = PBXBuildFile; fileRef = 2C094D5B26F46399003E20CE /* Audiotest.swift */; };
		2C094D5E26F46399003E20CE /* AudiotestModel.swift in Sources */ = {isa = PBXBuildFile; fileRef = 2C094D5C26F46399003E20CE /* AudiotestModel.swift */; };
		2C094D6226F463C7003E20CE /* NowPlayingBar.swift in Sources */ = {isa = PBXBuildFile; fileRef = 2C094D5F26F463C6003E20CE /* NowPlayingBar.swift */; };
		2C094D6326F463C7003E20CE /* VolumeSlider.swift in Sources */ = {isa = PBXBuildFile; fileRef = 2C094D6026F463C7003E20CE /* VolumeSlider.swift */; };
		2C094D6426F463C7003E20CE /* NowPlayingPage.swift in Sources */ = {isa = PBXBuildFile; fileRef = 2C094D6126F463C7003E20CE /* NowPlayingPage.swift */; };
		2C5E7DA42721994D00EBB69E /* SwiftUIRouter in Frameworks */ = {isa = PBXBuildFile; productRef = 2C5E7DA32721994D00EBB69E /* SwiftUIRouter */; };
		2C5E7DA627219B6E00EBB69E /* HomePage.swift in Sources */ = {isa = PBXBuildFile; fileRef = 2C5E7DA527219B6E00EBB69E /* HomePage.swift */; };
		2C5E7DA827219C0300EBB69E /* LivePage.swift in Sources */ = {isa = PBXBuildFile; fileRef = 2C5E7DA727219C0300EBB69E /* LivePage.swift */; };
		2C5E7DAA27219C1400EBB69E /* LivePageViewModel.swift in Sources */ = {isa = PBXBuildFile; fileRef = 2C5E7DA927219C1400EBB69E /* LivePageViewModel.swift */; };
		2C5E7DAD2721A46C00EBB69E /* DiscoverPage.swift in Sources */ = {isa = PBXBuildFile; fileRef = 2C5E7DAC2721A46C00EBB69E /* DiscoverPage.swift */; };
		2C5E7DAF2721A47F00EBB69E /* DiscoverPageViewModel.swift in Sources */ = {isa = PBXBuildFile; fileRef = 2C5E7DAE2721A47F00EBB69E /* DiscoverPageViewModel.swift */; };
		2C7599C32709CD3600C9801E /* SystemMetadataUpdater.swift in Sources */ = {isa = PBXBuildFile; fileRef = 2C7599C22709CD3600C9801E /* SystemMetadataUpdater.swift */; };
		2C7FCC06274C309B00E10294 /* SmallCard.swift in Sources */ = {isa = PBXBuildFile; fileRef = 2C7FCC05274C309B00E10294 /* SmallCard.swift */; };
		2C87D89B274BF70900F878BD /* Theme.swift in Sources */ = {isa = PBXBuildFile; fileRef = 2C87D89A274BF70900F878BD /* Theme.swift */; };
		2C87D89E274BFDB400F878BD /* Card.swift in Sources */ = {isa = PBXBuildFile; fileRef = 2C87D89D274BFDB400F878BD /* Card.swift */; };
		2C87D8A1274C052000F878BD /* PlayPauseButton.swift in Sources */ = {isa = PBXBuildFile; fileRef = 2C87D8A0274C052000F878BD /* PlayPauseButton.swift */; };
		2C87D8A4274C1B9600F878BD /* Shadow.swift in Sources */ = {isa = PBXBuildFile; fileRef = 2C87D8A3274C1B9500F878BD /* Shadow.swift */; };
		2C87D8A6274C1F6300F878BD /* Image.swift in Sources */ = {isa = PBXBuildFile; fileRef = 2C87D8A5274C1F6300F878BD /* Image.swift */; };
		2C8C6470270B0A63000D187A /* SeekSlider.swift in Sources */ = {isa = PBXBuildFile; fileRef = 2C8C646F270B0A63000D187A /* SeekSlider.swift */; };
		2C8C6473270B0E28000D187A /* NetworkObserver.swift in Sources */ = {isa = PBXBuildFile; fileRef = 2C8C6472270B0E28000D187A /* NetworkObserver.swift */; };
		2C8C6475270B1379000D187A /* SeekPositionManager.swift in Sources */ = {isa = PBXBuildFile; fileRef = 2C8C6474270B1379000D187A /* SeekPositionManager.swift */; };
		2C973D96270C825900156E13 /* News.swift in Sources */ = {isa = PBXBuildFile; fileRef = 2C973D95270C825900156E13 /* News.swift */; };
		2C973D98270C83A500156E13 /* NewsRepository.swift in Sources */ = {isa = PBXBuildFile; fileRef = 2C973D97270C83A500156E13 /* NewsRepository.swift */; };
		2CB4CC082718D88E00BDE6F4 /* NewsPage.swift in Sources */ = {isa = PBXBuildFile; fileRef = 2CB4CC072718D88E00BDE6F4 /* NewsPage.swift */; };
		2CB4CC0A2718D95C00BDE6F4 /* NewsPageViewModel.swift in Sources */ = {isa = PBXBuildFile; fileRef = 2CB4CC092718D95C00BDE6F4 /* NewsPageViewModel.swift */; };
		2CD5A81326FD18440045D7ED /* MetadataRepository.swift in Sources */ = {isa = PBXBuildFile; fileRef = 2CD5A81226FD18440045D7ED /* MetadataRepository.swift */; };
		2CD5A81626FD18790045D7ED /* Blur.swift in Sources */ = {isa = PBXBuildFile; fileRef = 2CD5A81526FD18790045D7ED /* Blur.swift */; };
		2CD5A81826FD18800045D7ED /* SearchBar.swift in Sources */ = {isa = PBXBuildFile; fileRef = 2CD5A81726FD18800045D7ED /* SearchBar.swift */; };
		2CD5A81A26FD18870045D7ED /* HTMLView.swift in Sources */ = {isa = PBXBuildFile; fileRef = 2CD5A81926FD18870045D7ED /* HTMLView.swift */; };
		2CD5A81D26FD1C950045D7ED /* Song.swift in Sources */ = {isa = PBXBuildFile; fileRef = 2CD5A81B26FD1C950045D7ED /* Song.swift */; };
		2CD5A81E26FD1C950045D7ED /* SongEvent.swift in Sources */ = {isa = PBXBuildFile; fileRef = 2CD5A81C26FD1C950045D7ED /* SongEvent.swift */; };
		2CD5A82226FD23270045D7ED /* AppDelegate.swift in Sources */ = {isa = PBXBuildFile; fileRef = 2CD5A82126FD23270045D7ED /* AppDelegate.swift */; };
		2CE5F3112715B7A90046DC45 /* Program.swift in Sources */ = {isa = PBXBuildFile; fileRef = 2CE5F3102715B7A90046DC45 /* Program.swift */; };
		2CE5F3132715B8820046DC45 /* Episode.swift in Sources */ = {isa = PBXBuildFile; fileRef = 2CE5F3122715B8820046DC45 /* Episode.swift */; };
		2CE5F3152715B9060046DC45 /* Person.swift in Sources */ = {isa = PBXBuildFile; fileRef = 2CE5F3142715B9060046DC45 /* Person.swift */; };
		2CE5F3182715BAFD0046DC45 /* ProgramRepository.swift in Sources */ = {isa = PBXBuildFile; fileRef = 2CE5F3172715BAFD0046DC45 /* ProgramRepository.swift */; };
		2CEDA1F127222C3800CAD2BC /* NewsItemPage.swift in Sources */ = {isa = PBXBuildFile; fileRef = 2CEDA1F027222C3800CAD2BC /* NewsItemPage.swift */; };
		2CEDA1F327222C5E00CAD2BC /* NewsItemPageViewModel.swift in Sources */ = {isa = PBXBuildFile; fileRef = 2CEDA1F227222C5E00CAD2BC /* NewsItemPageViewModel.swift */; };
		2CEDA1F5272233A600CAD2BC /* EpisodesPage.swift in Sources */ = {isa = PBXBuildFile; fileRef = 2CEDA1F4272233A600CAD2BC /* EpisodesPage.swift */; };
		2CEDA1F7272233B400CAD2BC /* EpisodesPageViewModel.swift in Sources */ = {isa = PBXBuildFile; fileRef = 2CEDA1F6272233B400CAD2BC /* EpisodesPageViewModel.swift */; };
		2CEDA1F92722372800CAD2BC /* EpisodePage.swift in Sources */ = {isa = PBXBuildFile; fileRef = 2CEDA1F82722372800CAD2BC /* EpisodePage.swift */; };
		2CEDA1FB272237FC00CAD2BC /* EpisodePageViewModel.swift in Sources */ = {isa = PBXBuildFile; fileRef = 2CEDA1FA272237FC00CAD2BC /* EpisodePageViewModel.swift */; };
		2CEDA1FD2722404900CAD2BC /* ProgramsPage.swift in Sources */ = {isa = PBXBuildFile; fileRef = 2CEDA1FC2722404900CAD2BC /* ProgramsPage.swift */; };
		2CEDA1FF2722405600CAD2BC /* ProgramsPageViewModel.swift in Sources */ = {isa = PBXBuildFile; fileRef = 2CEDA1FE2722405600CAD2BC /* ProgramsPageViewModel.swift */; };
		2CEDA2012722414400CAD2BC /* ProgramPage.swift in Sources */ = {isa = PBXBuildFile; fileRef = 2CEDA2002722414400CAD2BC /* ProgramPage.swift */; };
		2CEDA2032722423B00CAD2BC /* ProgramPageViewModel.swift in Sources */ = {isa = PBXBuildFile; fileRef = 2CEDA2022722423B00CAD2BC /* ProgramPageViewModel.swift */; };
		2CEDA2052722438800CAD2BC /* PeoplePage.swift in Sources */ = {isa = PBXBuildFile; fileRef = 2CEDA2042722438800CAD2BC /* PeoplePage.swift */; };
		2CEDA2072722439500CAD2BC /* PeoplePageViewModel.swift in Sources */ = {isa = PBXBuildFile; fileRef = 2CEDA2062722439500CAD2BC /* PeoplePageViewModel.swift */; };
		2CEDA2092722473F00CAD2BC /* PersonPage.swift in Sources */ = {isa = PBXBuildFile; fileRef = 2CEDA2082722473F00CAD2BC /* PersonPage.swift */; };
		2CEDA20B2722490C00CAD2BC /* PersonPageViewModel.swift in Sources */ = {isa = PBXBuildFile; fileRef = 2CEDA20A2722490C00CAD2BC /* PersonPageViewModel.swift */; };
		2CEDA20D27224AC600CAD2BC /* LoginPage.swift in Sources */ = {isa = PBXBuildFile; fileRef = 2CEDA20C27224AC600CAD2BC /* LoginPage.swift */; };
		2CEDA20F27224AD400CAD2BC /* SettingsPage.swift in Sources */ = {isa = PBXBuildFile; fileRef = 2CEDA20E27224AD400CAD2BC /* SettingsPage.swift */; };
		2CEDA21127224B5000CAD2BC /* HomePageViewModel.swift in Sources */ = {isa = PBXBuildFile; fileRef = 2CEDA21027224B5000CAD2BC /* HomePageViewModel.swift */; };
		6ECBD4EFCA0F1B07EEBCA9B8 /* Pods_hitradio_ios.framework in Frameworks */ = {isa = PBXBuildFile; fileRef = E08E3BEA0A84F3C193C05E2F /* Pods_hitradio_ios.framework */; };
		A207EF17919933EA8812A6A4 /* Pods_hitradio_ios_hitradio_iosUITests.framework in Frameworks */ = {isa = PBXBuildFile; fileRef = 5329668B0E31F230D1EC128A /* Pods_hitradio_ios_hitradio_iosUITests.framework */; };
		BBFE445B1B830A36786230C8 /* Pods_hitradio_iosTests.framework in Frameworks */ = {isa = PBXBuildFile; fileRef = 32EED3F327CADB5BE0810FE0 /* Pods_hitradio_iosTests.framework */; };
/* End PBXBuildFile section */

/* Begin PBXContainerItemProxy section */
		2C094D0A26F0F677003E20CE /* PBXContainerItemProxy */ = {
			isa = PBXContainerItemProxy;
			containerPortal = 2C094CF026F0F676003E20CE /* Project object */;
			proxyType = 1;
			remoteGlobalIDString = 2C094CF726F0F676003E20CE;
			remoteInfo = "hitradio-ios";
		};
		2C094D1526F0F677003E20CE /* PBXContainerItemProxy */ = {
			isa = PBXContainerItemProxy;
			containerPortal = 2C094CF026F0F676003E20CE /* Project object */;
			proxyType = 1;
			remoteGlobalIDString = 2C094CF726F0F676003E20CE;
			remoteInfo = "hitradio-ios";
		};
/* End PBXContainerItemProxy section */

/* Begin PBXFileReference section */
		2C094CF826F0F676003E20CE /* hitradio-ios.app */ = {isa = PBXFileReference; explicitFileType = wrapper.application; includeInIndex = 0; path = "hitradio-ios.app"; sourceTree = BUILT_PRODUCTS_DIR; };
		2C094CFB26F0F676003E20CE /* hitradio_iosApp.swift */ = {isa = PBXFileReference; lastKnownFileType = sourcecode.swift; path = hitradio_iosApp.swift; sourceTree = "<group>"; };
		2C094CFD26F0F676003E20CE /* ContentView.swift */ = {isa = PBXFileReference; lastKnownFileType = sourcecode.swift; path = ContentView.swift; sourceTree = "<group>"; };
		2C094CFF26F0F677003E20CE /* Assets.xcassets */ = {isa = PBXFileReference; lastKnownFileType = folder.assetcatalog; path = Assets.xcassets; sourceTree = "<group>"; };
		2C094D0226F0F677003E20CE /* Preview Assets.xcassets */ = {isa = PBXFileReference; lastKnownFileType = folder.assetcatalog; path = "Preview Assets.xcassets"; sourceTree = "<group>"; };
		2C094D0426F0F677003E20CE /* Info.plist */ = {isa = PBXFileReference; lastKnownFileType = text.plist.xml; path = Info.plist; sourceTree = "<group>"; };
		2C094D0926F0F677003E20CE /* hitradio-iosTests.xctest */ = {isa = PBXFileReference; explicitFileType = wrapper.cfbundle; includeInIndex = 0; path = "hitradio-iosTests.xctest"; sourceTree = BUILT_PRODUCTS_DIR; };
		2C094D0D26F0F677003E20CE /* hitradio_iosTests.swift */ = {isa = PBXFileReference; lastKnownFileType = sourcecode.swift; path = hitradio_iosTests.swift; sourceTree = "<group>"; };
		2C094D0F26F0F677003E20CE /* Info.plist */ = {isa = PBXFileReference; lastKnownFileType = text.plist.xml; path = Info.plist; sourceTree = "<group>"; };
		2C094D1426F0F677003E20CE /* hitradio-iosUITests.xctest */ = {isa = PBXFileReference; explicitFileType = wrapper.cfbundle; includeInIndex = 0; path = "hitradio-iosUITests.xctest"; sourceTree = BUILT_PRODUCTS_DIR; };
		2C094D1826F0F678003E20CE /* hitradio_iosUITests.swift */ = {isa = PBXFileReference; lastKnownFileType = sourcecode.swift; path = hitradio_iosUITests.swift; sourceTree = "<group>"; };
		2C094D1A26F0F678003E20CE /* Info.plist */ = {isa = PBXFileReference; lastKnownFileType = text.plist.xml; path = Info.plist; sourceTree = "<group>"; };
		2C094D3626F46225003E20CE /* SourceUrl.swift */ = {isa = PBXFileReference; fileEncoding = 4; lastKnownFileType = sourcecode.swift; path = SourceUrl.swift; sourceTree = "<group>"; };
		2C094D3726F46225003E20CE /* StreamQuality.swift */ = {isa = PBXFileReference; fileEncoding = 4; lastKnownFileType = sourcecode.swift; path = StreamQuality.swift; sourceTree = "<group>"; };
		2C094D3A26F46237003E20CE /* Source.swift */ = {isa = PBXFileReference; fileEncoding = 4; lastKnownFileType = sourcecode.swift; path = Source.swift; sourceTree = "<group>"; };
		2C094D3B26F46237003E20CE /* ChanginMetadataSource.swift */ = {isa = PBXFileReference; fileEncoding = 4; lastKnownFileType = sourcecode.swift; path = ChanginMetadataSource.swift; sourceTree = "<group>"; };
		2C094D3C26F46237003E20CE /* MetadataObserver.swift */ = {isa = PBXFileReference; fileEncoding = 4; lastKnownFileType = sourcecode.swift; path = MetadataObserver.swift; sourceTree = "<group>"; };
		2C094D3D26F46237003E20CE /* SimpleSource.swift */ = {isa = PBXFileReference; fileEncoding = 4; lastKnownFileType = sourcecode.swift; path = SimpleSource.swift; sourceTree = "<group>"; };
		2C094D4226F46251003E20CE /* AudioController.swift */ = {isa = PBXFileReference; fileEncoding = 4; lastKnownFileType = sourcecode.swift; path = AudioController.swift; sourceTree = "<group>"; };
		2C094D4326F46251003E20CE /* MetaData.swift */ = {isa = PBXFileReference; fileEncoding = 4; lastKnownFileType = sourcecode.swift; path = MetaData.swift; sourceTree = "<group>"; };
		2C094D4626F46263003E20CE /* AudioPlayer.swift */ = {isa = PBXFileReference; fileEncoding = 4; lastKnownFileType = sourcecode.swift; path = AudioPlayer.swift; sourceTree = "<group>"; };
		2C094D4726F46263003E20CE /* AudioPlayingStateObserver.swift */ = {isa = PBXFileReference; fileEncoding = 4; lastKnownFileType = sourcecode.swift; path = AudioPlayingStateObserver.swift; sourceTree = "<group>"; };
		2C094D4A26F4628F003E20CE /* ProgramsResult.swift */ = {isa = PBXFileReference; fileEncoding = 4; lastKnownFileType = sourcecode.swift; path = ProgramsResult.swift; sourceTree = "<group>"; };
		2C094D4C26F4629B003E20CE /* CurrentProgramChanger.swift */ = {isa = PBXFileReference; fileEncoding = 4; lastKnownFileType = sourcecode.swift; path = CurrentProgramChanger.swift; sourceTree = "<group>"; };
		2C094D4D26F4629B003E20CE /* CurrentProgramObserver.swift */ = {isa = PBXFileReference; fileEncoding = 4; lastKnownFileType = sourcecode.swift; path = CurrentProgramObserver.swift; sourceTree = "<group>"; };
		2C094D5026F462A9003E20CE /* ProgramGuideApi.swift */ = {isa = PBXFileReference; fileEncoding = 4; lastKnownFileType = sourcecode.swift; path = ProgramGuideApi.swift; sourceTree = "<group>"; };
		2C094D5226F462B1003E20CE /* ProgramGuideItem.swift */ = {isa = PBXFileReference; fileEncoding = 4; lastKnownFileType = sourcecode.swift; path = ProgramGuideItem.swift; sourceTree = "<group>"; };
		2C094D5426F462E1003E20CE /* PodcastProgram.swift */ = {isa = PBXFileReference; fileEncoding = 4; lastKnownFileType = sourcecode.swift; path = PodcastProgram.swift; sourceTree = "<group>"; };
		2C094D5526F462E1003E20CE /* PodcastItem.swift */ = {isa = PBXFileReference; fileEncoding = 4; lastKnownFileType = sourcecode.swift; path = PodcastItem.swift; sourceTree = "<group>"; };
		2C094D5926F46314003E20CE /* PodcastApi.swift */ = {isa = PBXFileReference; fileEncoding = 4; lastKnownFileType = sourcecode.swift; path = PodcastApi.swift; sourceTree = "<group>"; };
		2C094D5B26F46399003E20CE /* Audiotest.swift */ = {isa = PBXFileReference; fileEncoding = 4; lastKnownFileType = sourcecode.swift; path = Audiotest.swift; sourceTree = "<group>"; };
		2C094D5C26F46399003E20CE /* AudiotestModel.swift */ = {isa = PBXFileReference; fileEncoding = 4; lastKnownFileType = sourcecode.swift; path = AudiotestModel.swift; sourceTree = "<group>"; };
		2C094D5F26F463C6003E20CE /* NowPlayingBar.swift */ = {isa = PBXFileReference; fileEncoding = 4; lastKnownFileType = sourcecode.swift; path = NowPlayingBar.swift; sourceTree = "<group>"; };
		2C094D6026F463C7003E20CE /* VolumeSlider.swift */ = {isa = PBXFileReference; fileEncoding = 4; lastKnownFileType = sourcecode.swift; path = VolumeSlider.swift; sourceTree = "<group>"; };
		2C094D6126F463C7003E20CE /* NowPlayingPage.swift */ = {isa = PBXFileReference; fileEncoding = 4; lastKnownFileType = sourcecode.swift; path = NowPlayingPage.swift; sourceTree = "<group>"; };
		2C5E7DA527219B6E00EBB69E /* HomePage.swift */ = {isa = PBXFileReference; lastKnownFileType = sourcecode.swift; path = HomePage.swift; sourceTree = "<group>"; };
		2C5E7DA727219C0300EBB69E /* LivePage.swift */ = {isa = PBXFileReference; lastKnownFileType = sourcecode.swift; path = LivePage.swift; sourceTree = "<group>"; };
		2C5E7DA927219C1400EBB69E /* LivePageViewModel.swift */ = {isa = PBXFileReference; lastKnownFileType = sourcecode.swift; path = LivePageViewModel.swift; sourceTree = "<group>"; };
		2C5E7DAC2721A46C00EBB69E /* DiscoverPage.swift */ = {isa = PBXFileReference; lastKnownFileType = sourcecode.swift; path = DiscoverPage.swift; sourceTree = "<group>"; };
		2C5E7DAE2721A47F00EBB69E /* DiscoverPageViewModel.swift */ = {isa = PBXFileReference; lastKnownFileType = sourcecode.swift; path = DiscoverPageViewModel.swift; sourceTree = "<group>"; };
		2C7599C22709CD3600C9801E /* SystemMetadataUpdater.swift */ = {isa = PBXFileReference; lastKnownFileType = sourcecode.swift; path = SystemMetadataUpdater.swift; sourceTree = "<group>"; };
		2C7FCC05274C309B00E10294 /* SmallCard.swift */ = {isa = PBXFileReference; lastKnownFileType = sourcecode.swift; path = SmallCard.swift; sourceTree = "<group>"; };
		2C87D89A274BF70900F878BD /* Theme.swift */ = {isa = PBXFileReference; lastKnownFileType = sourcecode.swift; path = Theme.swift; sourceTree = "<group>"; };
		2C87D89D274BFDB400F878BD /* Card.swift */ = {isa = PBXFileReference; lastKnownFileType = sourcecode.swift; path = Card.swift; sourceTree = "<group>"; };
		2C87D8A0274C052000F878BD /* PlayPauseButton.swift */ = {isa = PBXFileReference; lastKnownFileType = sourcecode.swift; path = PlayPauseButton.swift; sourceTree = "<group>"; };
		2C87D8A3274C1B9500F878BD /* Shadow.swift */ = {isa = PBXFileReference; lastKnownFileType = sourcecode.swift; path = Shadow.swift; sourceTree = "<group>"; };
		2C87D8A5274C1F6300F878BD /* Image.swift */ = {isa = PBXFileReference; lastKnownFileType = sourcecode.swift; path = Image.swift; sourceTree = "<group>"; };
		2C8C646F270B0A63000D187A /* SeekSlider.swift */ = {isa = PBXFileReference; lastKnownFileType = sourcecode.swift; path = SeekSlider.swift; sourceTree = "<group>"; };
		2C8C6472270B0E28000D187A /* NetworkObserver.swift */ = {isa = PBXFileReference; lastKnownFileType = sourcecode.swift; path = NetworkObserver.swift; sourceTree = "<group>"; };
		2C8C6474270B1379000D187A /* SeekPositionManager.swift */ = {isa = PBXFileReference; lastKnownFileType = sourcecode.swift; path = SeekPositionManager.swift; sourceTree = "<group>"; };
		2C973D95270C825900156E13 /* News.swift */ = {isa = PBXFileReference; lastKnownFileType = sourcecode.swift; path = News.swift; sourceTree = "<group>"; };
		2C973D97270C83A500156E13 /* NewsRepository.swift */ = {isa = PBXFileReference; lastKnownFileType = sourcecode.swift; path = NewsRepository.swift; sourceTree = "<group>"; };
		2CB4CC072718D88E00BDE6F4 /* NewsPage.swift */ = {isa = PBXFileReference; lastKnownFileType = sourcecode.swift; path = NewsPage.swift; sourceTree = "<group>"; };
		2CB4CC092718D95C00BDE6F4 /* NewsPageViewModel.swift */ = {isa = PBXFileReference; lastKnownFileType = sourcecode.swift; path = NewsPageViewModel.swift; sourceTree = "<group>"; };
		2CD5A81226FD18440045D7ED /* MetadataRepository.swift */ = {isa = PBXFileReference; fileEncoding = 4; lastKnownFileType = sourcecode.swift; path = MetadataRepository.swift; sourceTree = "<group>"; };
		2CD5A81526FD18790045D7ED /* Blur.swift */ = {isa = PBXFileReference; fileEncoding = 4; lastKnownFileType = sourcecode.swift; path = Blur.swift; sourceTree = "<group>"; };
		2CD5A81726FD18800045D7ED /* SearchBar.swift */ = {isa = PBXFileReference; fileEncoding = 4; lastKnownFileType = sourcecode.swift; path = SearchBar.swift; sourceTree = "<group>"; };
		2CD5A81926FD18870045D7ED /* HTMLView.swift */ = {isa = PBXFileReference; fileEncoding = 4; lastKnownFileType = sourcecode.swift; path = HTMLView.swift; sourceTree = "<group>"; };
		2CD5A81B26FD1C950045D7ED /* Song.swift */ = {isa = PBXFileReference; fileEncoding = 4; lastKnownFileType = sourcecode.swift; path = Song.swift; sourceTree = "<group>"; };
		2CD5A81C26FD1C950045D7ED /* SongEvent.swift */ = {isa = PBXFileReference; fileEncoding = 4; lastKnownFileType = sourcecode.swift; path = SongEvent.swift; sourceTree = "<group>"; };
		2CD5A82126FD23270045D7ED /* AppDelegate.swift */ = {isa = PBXFileReference; fileEncoding = 4; lastKnownFileType = sourcecode.swift; path = AppDelegate.swift; sourceTree = "<group>"; };
		2CE5F3102715B7A90046DC45 /* Program.swift */ = {isa = PBXFileReference; lastKnownFileType = sourcecode.swift; path = Program.swift; sourceTree = "<group>"; };
		2CE5F3122715B8820046DC45 /* Episode.swift */ = {isa = PBXFileReference; lastKnownFileType = sourcecode.swift; path = Episode.swift; sourceTree = "<group>"; };
		2CE5F3142715B9060046DC45 /* Person.swift */ = {isa = PBXFileReference; lastKnownFileType = sourcecode.swift; path = Person.swift; sourceTree = "<group>"; };
		2CE5F3172715BAFD0046DC45 /* ProgramRepository.swift */ = {isa = PBXFileReference; lastKnownFileType = sourcecode.swift; path = ProgramRepository.swift; sourceTree = "<group>"; };
		2CEDA1F027222C3800CAD2BC /* NewsItemPage.swift */ = {isa = PBXFileReference; lastKnownFileType = sourcecode.swift; path = NewsItemPage.swift; sourceTree = "<group>"; };
		2CEDA1F227222C5E00CAD2BC /* NewsItemPageViewModel.swift */ = {isa = PBXFileReference; lastKnownFileType = sourcecode.swift; path = NewsItemPageViewModel.swift; sourceTree = "<group>"; };
		2CEDA1F4272233A600CAD2BC /* EpisodesPage.swift */ = {isa = PBXFileReference; lastKnownFileType = sourcecode.swift; path = EpisodesPage.swift; sourceTree = "<group>"; };
		2CEDA1F6272233B400CAD2BC /* EpisodesPageViewModel.swift */ = {isa = PBXFileReference; lastKnownFileType = sourcecode.swift; path = EpisodesPageViewModel.swift; sourceTree = "<group>"; };
		2CEDA1F82722372800CAD2BC /* EpisodePage.swift */ = {isa = PBXFileReference; lastKnownFileType = sourcecode.swift; path = EpisodePage.swift; sourceTree = "<group>"; };
		2CEDA1FA272237FC00CAD2BC /* EpisodePageViewModel.swift */ = {isa = PBXFileReference; lastKnownFileType = sourcecode.swift; path = EpisodePageViewModel.swift; sourceTree = "<group>"; };
		2CEDA1FC2722404900CAD2BC /* ProgramsPage.swift */ = {isa = PBXFileReference; lastKnownFileType = sourcecode.swift; path = ProgramsPage.swift; sourceTree = "<group>"; };
		2CEDA1FE2722405600CAD2BC /* ProgramsPageViewModel.swift */ = {isa = PBXFileReference; lastKnownFileType = sourcecode.swift; path = ProgramsPageViewModel.swift; sourceTree = "<group>"; };
		2CEDA2002722414400CAD2BC /* ProgramPage.swift */ = {isa = PBXFileReference; lastKnownFileType = sourcecode.swift; path = ProgramPage.swift; sourceTree = "<group>"; };
		2CEDA2022722423B00CAD2BC /* ProgramPageViewModel.swift */ = {isa = PBXFileReference; lastKnownFileType = sourcecode.swift; path = ProgramPageViewModel.swift; sourceTree = "<group>"; };
		2CEDA2042722438800CAD2BC /* PeoplePage.swift */ = {isa = PBXFileReference; lastKnownFileType = sourcecode.swift; path = PeoplePage.swift; sourceTree = "<group>"; };
		2CEDA2062722439500CAD2BC /* PeoplePageViewModel.swift */ = {isa = PBXFileReference; lastKnownFileType = sourcecode.swift; path = PeoplePageViewModel.swift; sourceTree = "<group>"; };
		2CEDA2082722473F00CAD2BC /* PersonPage.swift */ = {isa = PBXFileReference; lastKnownFileType = sourcecode.swift; path = PersonPage.swift; sourceTree = "<group>"; };
		2CEDA20A2722490C00CAD2BC /* PersonPageViewModel.swift */ = {isa = PBXFileReference; lastKnownFileType = sourcecode.swift; path = PersonPageViewModel.swift; sourceTree = "<group>"; };
		2CEDA20C27224AC600CAD2BC /* LoginPage.swift */ = {isa = PBXFileReference; lastKnownFileType = sourcecode.swift; path = LoginPage.swift; sourceTree = "<group>"; };
		2CEDA20E27224AD400CAD2BC /* SettingsPage.swift */ = {isa = PBXFileReference; lastKnownFileType = sourcecode.swift; path = SettingsPage.swift; sourceTree = "<group>"; };
		2CEDA21027224B5000CAD2BC /* HomePageViewModel.swift */ = {isa = PBXFileReference; lastKnownFileType = sourcecode.swift; path = HomePageViewModel.swift; sourceTree = "<group>"; };
		32EED3F327CADB5BE0810FE0 /* Pods_hitradio_iosTests.framework */ = {isa = PBXFileReference; explicitFileType = wrapper.framework; includeInIndex = 0; path = Pods_hitradio_iosTests.framework; sourceTree = BUILT_PRODUCTS_DIR; };
		373934BE3129904E3F01AFB9 /* Pods-hitradio-ios-hitradio-iosUITests.release.xcconfig */ = {isa = PBXFileReference; includeInIndex = 1; lastKnownFileType = text.xcconfig; name = "Pods-hitradio-ios-hitradio-iosUITests.release.xcconfig"; path = "Target Support Files/Pods-hitradio-ios-hitradio-iosUITests/Pods-hitradio-ios-hitradio-iosUITests.release.xcconfig"; sourceTree = "<group>"; };
		38887BA8A8E1E77C9A16CD3E /* Pods-hitradio-iosTests.debug.xcconfig */ = {isa = PBXFileReference; includeInIndex = 1; lastKnownFileType = text.xcconfig; name = "Pods-hitradio-iosTests.debug.xcconfig"; path = "Target Support Files/Pods-hitradio-iosTests/Pods-hitradio-iosTests.debug.xcconfig"; sourceTree = "<group>"; };
		404C7E3E74CE05E59B693895 /* Pods-hitradio-ios-hitradio-iosUITests.debug.xcconfig */ = {isa = PBXFileReference; includeInIndex = 1; lastKnownFileType = text.xcconfig; name = "Pods-hitradio-ios-hitradio-iosUITests.debug.xcconfig"; path = "Target Support Files/Pods-hitradio-ios-hitradio-iosUITests/Pods-hitradio-ios-hitradio-iosUITests.debug.xcconfig"; sourceTree = "<group>"; };
		5329668B0E31F230D1EC128A /* Pods_hitradio_ios_hitradio_iosUITests.framework */ = {isa = PBXFileReference; explicitFileType = wrapper.framework; includeInIndex = 0; path = Pods_hitradio_ios_hitradio_iosUITests.framework; sourceTree = BUILT_PRODUCTS_DIR; };
		6AF778F75D047E38BCFCE096 /* Pods-hitradio-iosTests.release.xcconfig */ = {isa = PBXFileReference; includeInIndex = 1; lastKnownFileType = text.xcconfig; name = "Pods-hitradio-iosTests.release.xcconfig"; path = "Target Support Files/Pods-hitradio-iosTests/Pods-hitradio-iosTests.release.xcconfig"; sourceTree = "<group>"; };
		98FFD7653E10E534B086FDFA /* Pods-hitradio-ios.release.xcconfig */ = {isa = PBXFileReference; includeInIndex = 1; lastKnownFileType = text.xcconfig; name = "Pods-hitradio-ios.release.xcconfig"; path = "Target Support Files/Pods-hitradio-ios/Pods-hitradio-ios.release.xcconfig"; sourceTree = "<group>"; };
		B80A9BFD36509ED6C3C7D647 /* Pods-hitradio-ios.debug.xcconfig */ = {isa = PBXFileReference; includeInIndex = 1; lastKnownFileType = text.xcconfig; name = "Pods-hitradio-ios.debug.xcconfig"; path = "Target Support Files/Pods-hitradio-ios/Pods-hitradio-ios.debug.xcconfig"; sourceTree = "<group>"; };
		E08E3BEA0A84F3C193C05E2F /* Pods_hitradio_ios.framework */ = {isa = PBXFileReference; explicitFileType = wrapper.framework; includeInIndex = 0; path = Pods_hitradio_ios.framework; sourceTree = BUILT_PRODUCTS_DIR; };
/* End PBXFileReference section */

/* Begin PBXFrameworksBuildPhase section */
		2C094CF526F0F676003E20CE /* Frameworks */ = {
			isa = PBXFrameworksBuildPhase;
			buildActionMask = 2147483647;
			files = (
				6ECBD4EFCA0F1B07EEBCA9B8 /* Pods_hitradio_ios.framework in Frameworks */,
				2C5E7DA42721994D00EBB69E /* SwiftUIRouter in Frameworks */,
			);
			runOnlyForDeploymentPostprocessing = 0;
		};
		2C094D0626F0F677003E20CE /* Frameworks */ = {
			isa = PBXFrameworksBuildPhase;
			buildActionMask = 2147483647;
			files = (
				BBFE445B1B830A36786230C8 /* Pods_hitradio_iosTests.framework in Frameworks */,
			);
			runOnlyForDeploymentPostprocessing = 0;
		};
		2C094D1126F0F677003E20CE /* Frameworks */ = {
			isa = PBXFrameworksBuildPhase;
			buildActionMask = 2147483647;
			files = (
				A207EF17919933EA8812A6A4 /* Pods_hitradio_ios_hitradio_iosUITests.framework in Frameworks */,
			);
			runOnlyForDeploymentPostprocessing = 0;
		};
/* End PBXFrameworksBuildPhase section */

/* Begin PBXGroup section */
		2C094CEF26F0F676003E20CE = {
			isa = PBXGroup;
			children = (
				2C094CFA26F0F676003E20CE /* hitradio-ios */,
				2C094D0C26F0F677003E20CE /* hitradio-iosTests */,
				2C094D1726F0F678003E20CE /* hitradio-iosUITests */,
				2C094CF926F0F676003E20CE /* Products */,
				814B427D62C717FBB6229C20 /* Pods */,
				8D11057BB02034C9E40A24A9 /* Frameworks */,
			);
			sourceTree = "<group>";
		};
		2C094CF926F0F676003E20CE /* Products */ = {
			isa = PBXGroup;
			children = (
				2C094CF826F0F676003E20CE /* hitradio-ios.app */,
				2C094D0926F0F677003E20CE /* hitradio-iosTests.xctest */,
				2C094D1426F0F677003E20CE /* hitradio-iosUITests.xctest */,
			);
			name = Products;
			sourceTree = "<group>";
		};
		2C094CFA26F0F676003E20CE /* hitradio-ios */ = {
			isa = PBXGroup;
			children = (
				2C094D2926F0F6D4003E20CE /* audio */,
				2C094D2626F0F6A8003E20CE /* model */,
				2C094D2726F0F6AE003E20CE /* view */,
				2C094CFB26F0F676003E20CE /* hitradio_iosApp.swift */,
				2CD5A82126FD23270045D7ED /* AppDelegate.swift */,
				2C094CFD26F0F676003E20CE /* ContentView.swift */,
				2C094D5B26F46399003E20CE /* Audiotest.swift */,
				2C094D5C26F46399003E20CE /* AudiotestModel.swift */,
				2C094CFF26F0F677003E20CE /* Assets.xcassets */,
				2C094D0426F0F677003E20CE /* Info.plist */,
				2C094D0126F0F677003E20CE /* Preview Content */,
			);
			path = "hitradio-ios";
			sourceTree = "<group>";
		};
		2C094D0126F0F677003E20CE /* Preview Content */ = {
			isa = PBXGroup;
			children = (
				2C094D0226F0F677003E20CE /* Preview Assets.xcassets */,
			);
			path = "Preview Content";
			sourceTree = "<group>";
		};
		2C094D0C26F0F677003E20CE /* hitradio-iosTests */ = {
			isa = PBXGroup;
			children = (
				2C094D0D26F0F677003E20CE /* hitradio_iosTests.swift */,
				2C094D0F26F0F677003E20CE /* Info.plist */,
			);
			path = "hitradio-iosTests";
			sourceTree = "<group>";
		};
		2C094D1726F0F678003E20CE /* hitradio-iosUITests */ = {
			isa = PBXGroup;
			children = (
				2C094D1826F0F678003E20CE /* hitradio_iosUITests.swift */,
				2C094D1A26F0F678003E20CE /* Info.plist */,
			);
			path = "hitradio-iosUITests";
			sourceTree = "<group>";
		};
		2C094D2626F0F6A8003E20CE /* model */ = {
			isa = PBXGroup;
			children = (
				2CE5F30F2715B7820046DC45 /* program */,
				2C973D94270C824A00156E13 /* news */,
				2C094D2C26F0F704003E20CE /* podcast */,
				2C094D2B26F0F6FE003E20CE /* programguide */,
			);
			path = model;
			sourceTree = "<group>";
		};
		2C094D2726F0F6AE003E20CE /* view */ = {
			isa = PBXGroup;
			children = (
				2C87D899274BF6F500F878BD /* layout */,
				2C87D898274BF6E900F878BD /* components */,
				2CB4CC052718D87700BDE6F4 /* pages */,
				2CD5A81426FD18710045D7ED /* common */,
				2C094D3526F0F85E003E20CE /* nowplaying */,
			);
			path = view;
			sourceTree = "<group>";
		};
		2C094D2926F0F6D4003E20CE /* audio */ = {
			isa = PBXGroup;
			children = (
				2C8C6471270B0DA5000D187A /* controller */,
				2C094D4626F46263003E20CE /* AudioPlayer.swift */,
				2C094D4726F46263003E20CE /* AudioPlayingStateObserver.swift */,
				2C094D2D26F0F742003E20CE /* metadata */,
			);
			path = audio;
			sourceTree = "<group>";
		};
		2C094D2B26F0F6FE003E20CE /* programguide */ = {
			isa = PBXGroup;
			children = (
				2C094D5226F462B1003E20CE /* ProgramGuideItem.swift */,
				2C094D3226F0F7D1003E20CE /* current */,
				2C094D3026F0F7C7003E20CE /* api */,
			);
			path = programguide;
			sourceTree = "<group>";
		};
		2C094D2C26F0F704003E20CE /* podcast */ = {
			isa = PBXGroup;
			children = (
				2C094D5826F4630D003E20CE /* api */,
				2C094D5526F462E1003E20CE /* PodcastItem.swift */,
				2C094D5426F462E1003E20CE /* PodcastProgram.swift */,
				2C094D3426F0F806003E20CE /* repository */,
			);
			path = podcast;
			sourceTree = "<group>";
		};
		2C094D2D26F0F742003E20CE /* metadata */ = {
			isa = PBXGroup;
			children = (
				2CD5A81B26FD1C950045D7ED /* Song.swift */,
				2CD5A81C26FD1C950045D7ED /* SongEvent.swift */,
				2CD5A81226FD18440045D7ED /* MetadataRepository.swift */,
				2C094D4326F46251003E20CE /* MetaData.swift */,
				2C094D2E26F0F76F003E20CE /* source */,
			);
			path = metadata;
			sourceTree = "<group>";
		};
		2C094D2E26F0F76F003E20CE /* source */ = {
			isa = PBXGroup;
			children = (
				2C094D3B26F46237003E20CE /* ChanginMetadataSource.swift */,
				2C094D3C26F46237003E20CE /* MetadataObserver.swift */,
				2C094D3D26F46237003E20CE /* SimpleSource.swift */,
				2C094D3A26F46237003E20CE /* Source.swift */,
				2C094D2F26F0F777003E20CE /* url */,
			);
			path = source;
			sourceTree = "<group>";
		};
		2C094D2F26F0F777003E20CE /* url */ = {
			isa = PBXGroup;
			children = (
				2C094D3626F46225003E20CE /* SourceUrl.swift */,
				2C094D3726F46225003E20CE /* StreamQuality.swift */,
			);
			path = url;
			sourceTree = "<group>";
		};
		2C094D3026F0F7C7003E20CE /* api */ = {
			isa = PBXGroup;
			children = (
				2C094D5026F462A9003E20CE /* ProgramGuideApi.swift */,
				2C094D3326F0F7ED003E20CE /* dto */,
			);
			path = api;
			sourceTree = "<group>";
		};
		2C094D3226F0F7D1003E20CE /* current */ = {
			isa = PBXGroup;
			children = (
				2C094D4C26F4629B003E20CE /* CurrentProgramChanger.swift */,
				2C094D4D26F4629B003E20CE /* CurrentProgramObserver.swift */,
			);
			path = current;
			sourceTree = "<group>";
		};
		2C094D3326F0F7ED003E20CE /* dto */ = {
			isa = PBXGroup;
			children = (
				2C094D4A26F4628F003E20CE /* ProgramsResult.swift */,
			);
			path = dto;
			sourceTree = "<group>";
		};
		2C094D3426F0F806003E20CE /* repository */ = {
			isa = PBXGroup;
			children = (
			);
			path = repository;
			sourceTree = "<group>";
		};
		2C094D3526F0F85E003E20CE /* nowplaying */ = {
			isa = PBXGroup;
			children = (
				2C094D5F26F463C6003E20CE /* NowPlayingBar.swift */,
				2C094D6126F463C7003E20CE /* NowPlayingPage.swift */,
				2C094D6026F463C7003E20CE /* VolumeSlider.swift */,
				2C8C646F270B0A63000D187A /* SeekSlider.swift */,
			);
			path = nowplaying;
			sourceTree = "<group>";
		};
		2C094D5826F4630D003E20CE /* api */ = {
			isa = PBXGroup;
			children = (
				2C094D5926F46314003E20CE /* PodcastApi.swift */,
			);
			path = api;
			sourceTree = "<group>";
		};
		2C87D898274BF6E900F878BD /* components */ = {
			isa = PBXGroup;
			children = (
				2C87D8A2274C1B7E00F878BD /* shadow */,
				2C87D89F274C051200F878BD /* playpausebutton */,
				2C87D89C274BFD9700F878BD /* card */,
			);
			path = components;
			sourceTree = "<group>";
		};
		2C87D899274BF6F500F878BD /* layout */ = {
			isa = PBXGroup;
			children = (
				2C87D89A274BF70900F878BD /* Theme.swift */,
			);
			path = layout;
			sourceTree = "<group>";
		};
		2C87D89C274BFD9700F878BD /* card */ = {
			isa = PBXGroup;
			children = (
				2C87D89D274BFDB400F878BD /* Card.swift */,
				2C7FCC05274C309B00E10294 /* SmallCard.swift */,
			);
			path = card;
			sourceTree = "<group>";
		};
		2C87D89F274C051200F878BD /* playpausebutton */ = {
			isa = PBXGroup;
			children = (
				2C87D8A0274C052000F878BD /* PlayPauseButton.swift */,
			);
			path = playpausebutton;
			sourceTree = "<group>";
		};
		2C87D8A2274C1B7E00F878BD /* shadow */ = {
			isa = PBXGroup;
			children = (
				2C87D8A3274C1B9500F878BD /* Shadow.swift */,
			);
			path = shadow;
			sourceTree = "<group>";
		};
		2C8C6471270B0DA5000D187A /* controller */ = {
			isa = PBXGroup;
			children = (
				2C094D4226F46251003E20CE /* AudioController.swift */,
				2C7599C22709CD3600C9801E /* SystemMetadataUpdater.swift */,
				2C8C6472270B0E28000D187A /* NetworkObserver.swift */,
				2C8C6474270B1379000D187A /* SeekPositionManager.swift */,
			);
			path = controller;
			sourceTree = "<group>";
		};
		2C973D94270C824A00156E13 /* news */ = {
			isa = PBXGroup;
			children = (
				2C973D95270C825900156E13 /* News.swift */,
				2C973D97270C83A500156E13 /* NewsRepository.swift */,
			);
			path = news;
			sourceTree = "<group>";
		};
		2CB4CC052718D87700BDE6F4 /* pages */ = {
			isa = PBXGroup;
			children = (
				2CB9A66A271DBC9200E6F4E4 /* home */,
				2CB9A66C271DBCA100E6F4E4 /* live */,
				2CB9A66B271DBC9900E6F4E4 /* discover */,
				2CB9A664271DB9E900E6F4E4 /* programs */,
				2CB9A665271DBABC00E6F4E4 /* program */,
				2CB9A663271DB95D00E6F4E4 /* episodes */,
				2CB9A666271DBAC300E6F4E4 /* episode */,
				2CB9A667271DBAFC00E6F4E4 /* people */,
				2CB9A668271DBB0700E6F4E4 /* person */,
				2CB4CC062718D88100BDE6F4 /* news */,
				2CB9A669271DBB6E00E6F4E4 /* newsitem */,
				2CB9A66E271DBD3300E6F4E4 /* settings */,
				2CB9A66D271DBD2F00E6F4E4 /* login */,
			);
			path = pages;
			sourceTree = "<group>";
		};
		2CB4CC062718D88100BDE6F4 /* news */ = {
			isa = PBXGroup;
			children = (
				2CB4CC072718D88E00BDE6F4 /* NewsPage.swift */,
				2CB4CC092718D95C00BDE6F4 /* NewsPageViewModel.swift */,
			);
			path = news;
			sourceTree = "<group>";
		};
		2CB9A663271DB95D00E6F4E4 /* episodes */ = {
			isa = PBXGroup;
			children = (
				2CEDA1F4272233A600CAD2BC /* EpisodesPage.swift */,
				2CEDA1F6272233B400CAD2BC /* EpisodesPageViewModel.swift */,
			);
			path = episodes;
			sourceTree = "<group>";
		};
		2CB9A664271DB9E900E6F4E4 /* programs */ = {
			isa = PBXGroup;
			children = (
				2CEDA1FC2722404900CAD2BC /* ProgramsPage.swift */,
				2CEDA1FE2722405600CAD2BC /* ProgramsPageViewModel.swift */,
			);
			path = programs;
			sourceTree = "<group>";
		};
		2CB9A665271DBABC00E6F4E4 /* program */ = {
			isa = PBXGroup;
			children = (
				2CEDA2002722414400CAD2BC /* ProgramPage.swift */,
				2CEDA2022722423B00CAD2BC /* ProgramPageViewModel.swift */,
			);
			path = program;
			sourceTree = "<group>";
		};
		2CB9A666271DBAC300E6F4E4 /* episode */ = {
			isa = PBXGroup;
			children = (
				2CEDA1F82722372800CAD2BC /* EpisodePage.swift */,
				2CEDA1FA272237FC00CAD2BC /* EpisodePageViewModel.swift */,
			);
			path = episode;
			sourceTree = "<group>";
		};
		2CB9A667271DBAFC00E6F4E4 /* people */ = {
			isa = PBXGroup;
			children = (
				2CEDA2042722438800CAD2BC /* PeoplePage.swift */,
				2CEDA2062722439500CAD2BC /* PeoplePageViewModel.swift */,
			);
			path = people;
			sourceTree = "<group>";
		};
		2CB9A668271DBB0700E6F4E4 /* person */ = {
			isa = PBXGroup;
			children = (
				2CEDA2082722473F00CAD2BC /* PersonPage.swift */,
				2CEDA20A2722490C00CAD2BC /* PersonPageViewModel.swift */,
			);
			path = person;
			sourceTree = "<group>";
		};
		2CB9A669271DBB6E00E6F4E4 /* newsitem */ = {
			isa = PBXGroup;
			children = (
				2CEDA1F027222C3800CAD2BC /* NewsItemPage.swift */,
				2CEDA1F227222C5E00CAD2BC /* NewsItemPageViewModel.swift */,
			);
			path = newsitem;
			sourceTree = "<group>";
		};
		2CB9A66A271DBC9200E6F4E4 /* home */ = {
			isa = PBXGroup;
			children = (
				2C5E7DA527219B6E00EBB69E /* HomePage.swift */,
				2CEDA21027224B5000CAD2BC /* HomePageViewModel.swift */,
			);
			path = home;
			sourceTree = "<group>";
		};
		2CB9A66B271DBC9900E6F4E4 /* discover */ = {
			isa = PBXGroup;
			children = (
				2C5E7DAC2721A46C00EBB69E /* DiscoverPage.swift */,
				2C5E7DAE2721A47F00EBB69E /* DiscoverPageViewModel.swift */,
			);
			path = discover;
			sourceTree = "<group>";
		};
		2CB9A66C271DBCA100E6F4E4 /* live */ = {
			isa = PBXGroup;
			children = (
				2C5E7DA727219C0300EBB69E /* LivePage.swift */,
				2C5E7DA927219C1400EBB69E /* LivePageViewModel.swift */,
			);
			path = live;
			sourceTree = "<group>";
		};
		2CB9A66D271DBD2F00E6F4E4 /* login */ = {
			isa = PBXGroup;
			children = (
				2CEDA20C27224AC600CAD2BC /* LoginPage.swift */,
			);
			path = login;
			sourceTree = "<group>";
		};
		2CB9A66E271DBD3300E6F4E4 /* settings */ = {
			isa = PBXGroup;
			children = (
				2CEDA20E27224AD400CAD2BC /* SettingsPage.swift */,
			);
			path = settings;
			sourceTree = "<group>";
		};
		2CD5A81426FD18710045D7ED /* common */ = {
			isa = PBXGroup;
			children = (
				2CD5A81926FD18870045D7ED /* HTMLView.swift */,
				2CD5A81726FD18800045D7ED /* SearchBar.swift */,
				2CD5A81526FD18790045D7ED /* Blur.swift */,
				2C87D8A5274C1F6300F878BD /* Image.swift */,
			);
			path = common;
			sourceTree = "<group>";
		};
		2CE5F30F2715B7820046DC45 /* program */ = {
			isa = PBXGroup;
			children = (
				2CE5F3162715BAF00046DC45 /* reposiotry */,
				2CE5F3102715B7A90046DC45 /* Program.swift */,
				2CE5F3122715B8820046DC45 /* Episode.swift */,
				2CE5F3142715B9060046DC45 /* Person.swift */,
			);
			path = program;
			sourceTree = "<group>";
		};
		2CE5F3162715BAF00046DC45 /* reposiotry */ = {
			isa = PBXGroup;
			children = (
				2CE5F3172715BAFD0046DC45 /* ProgramRepository.swift */,
			);
			path = reposiotry;
			sourceTree = "<group>";
		};
		814B427D62C717FBB6229C20 /* Pods */ = {
			isa = PBXGroup;
			children = (
				B80A9BFD36509ED6C3C7D647 /* Pods-hitradio-ios.debug.xcconfig */,
				98FFD7653E10E534B086FDFA /* Pods-hitradio-ios.release.xcconfig */,
				404C7E3E74CE05E59B693895 /* Pods-hitradio-ios-hitradio-iosUITests.debug.xcconfig */,
				373934BE3129904E3F01AFB9 /* Pods-hitradio-ios-hitradio-iosUITests.release.xcconfig */,
				38887BA8A8E1E77C9A16CD3E /* Pods-hitradio-iosTests.debug.xcconfig */,
				6AF778F75D047E38BCFCE096 /* Pods-hitradio-iosTests.release.xcconfig */,
			);
			path = Pods;
			sourceTree = "<group>";
		};
		8D11057BB02034C9E40A24A9 /* Frameworks */ = {
			isa = PBXGroup;
			children = (
				E08E3BEA0A84F3C193C05E2F /* Pods_hitradio_ios.framework */,
				5329668B0E31F230D1EC128A /* Pods_hitradio_ios_hitradio_iosUITests.framework */,
				32EED3F327CADB5BE0810FE0 /* Pods_hitradio_iosTests.framework */,
			);
			name = Frameworks;
			sourceTree = "<group>";
		};
/* End PBXGroup section */

/* Begin PBXNativeTarget section */
		2C094CF726F0F676003E20CE /* hitradio-ios */ = {
			isa = PBXNativeTarget;
			buildConfigurationList = 2C094D1D26F0F678003E20CE /* Build configuration list for PBXNativeTarget "hitradio-ios" */;
			buildPhases = (
				A2FEB2D7FD2E72CCF7C6E8A3 /* [CP] Check Pods Manifest.lock */,
				2C094CF426F0F676003E20CE /* Sources */,
				2C094CF526F0F676003E20CE /* Frameworks */,
				2C094CF626F0F676003E20CE /* Resources */,
				C8940B67C4C7E4C7A5DFA805 /* [CP] Embed Pods Frameworks */,
			);
			buildRules = (
			);
			dependencies = (
			);
			name = "hitradio-ios";
			packageProductDependencies = (
				2C5E7DA32721994D00EBB69E /* SwiftUIRouter */,
			);
			productName = "hitradio-ios";
			productReference = 2C094CF826F0F676003E20CE /* hitradio-ios.app */;
			productType = "com.apple.product-type.application";
		};
		2C094D0826F0F677003E20CE /* hitradio-iosTests */ = {
			isa = PBXNativeTarget;
			buildConfigurationList = 2C094D2026F0F678003E20CE /* Build configuration list for PBXNativeTarget "hitradio-iosTests" */;
			buildPhases = (
				D7D38B27B825BAEA4A6C9E9F /* [CP] Check Pods Manifest.lock */,
				2C094D0526F0F677003E20CE /* Sources */,
				2C094D0626F0F677003E20CE /* Frameworks */,
				2C094D0726F0F677003E20CE /* Resources */,
				C0F8E0C11145A8F702D01B02 /* [CP] Embed Pods Frameworks */,
			);
			buildRules = (
			);
			dependencies = (
				2C094D0B26F0F677003E20CE /* PBXTargetDependency */,
			);
			name = "hitradio-iosTests";
			productName = "hitradio-iosTests";
			productReference = 2C094D0926F0F677003E20CE /* hitradio-iosTests.xctest */;
			productType = "com.apple.product-type.bundle.unit-test";
		};
		2C094D1326F0F677003E20CE /* hitradio-iosUITests */ = {
			isa = PBXNativeTarget;
			buildConfigurationList = 2C094D2326F0F678003E20CE /* Build configuration list for PBXNativeTarget "hitradio-iosUITests" */;
			buildPhases = (
				4F989BF9B1597EABCC0F853E /* [CP] Check Pods Manifest.lock */,
				2C094D1026F0F677003E20CE /* Sources */,
				2C094D1126F0F677003E20CE /* Frameworks */,
				2C094D1226F0F677003E20CE /* Resources */,
				EF6B0ED76D5D68A19DCC8D44 /* [CP] Embed Pods Frameworks */,
			);
			buildRules = (
			);
			dependencies = (
				2C094D1626F0F677003E20CE /* PBXTargetDependency */,
			);
			name = "hitradio-iosUITests";
			productName = "hitradio-iosUITests";
			productReference = 2C094D1426F0F677003E20CE /* hitradio-iosUITests.xctest */;
			productType = "com.apple.product-type.bundle.ui-testing";
		};
/* End PBXNativeTarget section */

/* Begin PBXProject section */
		2C094CF026F0F676003E20CE /* Project object */ = {
			isa = PBXProject;
			attributes = {
				LastSwiftUpdateCheck = 1250;
				LastUpgradeCheck = 1250;
				TargetAttributes = {
					2C094CF726F0F676003E20CE = {
						CreatedOnToolsVersion = 12.5.1;
					};
					2C094D0826F0F677003E20CE = {
						CreatedOnToolsVersion = 12.5.1;
						TestTargetID = 2C094CF726F0F676003E20CE;
					};
					2C094D1326F0F677003E20CE = {
						CreatedOnToolsVersion = 12.5.1;
						TestTargetID = 2C094CF726F0F676003E20CE;
					};
				};
			};
			buildConfigurationList = 2C094CF326F0F676003E20CE /* Build configuration list for PBXProject "hitradio-ios" */;
			compatibilityVersion = "Xcode 9.3";
			developmentRegion = en;
			hasScannedForEncodings = 0;
			knownRegions = (
				en,
				Base,
			);
			mainGroup = 2C094CEF26F0F676003E20CE;
			packageReferences = (
				2C5E7DA22721994D00EBB69E /* XCRemoteSwiftPackageReference "SwiftUIRouter" */,
			);
			productRefGroup = 2C094CF926F0F676003E20CE /* Products */;
			projectDirPath = "";
			projectRoot = "";
			targets = (
				2C094CF726F0F676003E20CE /* hitradio-ios */,
				2C094D0826F0F677003E20CE /* hitradio-iosTests */,
				2C094D1326F0F677003E20CE /* hitradio-iosUITests */,
			);
		};
/* End PBXProject section */

/* Begin PBXResourcesBuildPhase section */
		2C094CF626F0F676003E20CE /* Resources */ = {
			isa = PBXResourcesBuildPhase;
			buildActionMask = 2147483647;
			files = (
				2C094D0326F0F677003E20CE /* Preview Assets.xcassets in Resources */,
				2C094D0026F0F677003E20CE /* Assets.xcassets in Resources */,
			);
			runOnlyForDeploymentPostprocessing = 0;
		};
		2C094D0726F0F677003E20CE /* Resources */ = {
			isa = PBXResourcesBuildPhase;
			buildActionMask = 2147483647;
			files = (
			);
			runOnlyForDeploymentPostprocessing = 0;
		};
		2C094D1226F0F677003E20CE /* Resources */ = {
			isa = PBXResourcesBuildPhase;
			buildActionMask = 2147483647;
			files = (
			);
			runOnlyForDeploymentPostprocessing = 0;
		};
/* End PBXResourcesBuildPhase section */

/* Begin PBXShellScriptBuildPhase section */
		4F989BF9B1597EABCC0F853E /* [CP] Check Pods Manifest.lock */ = {
			isa = PBXShellScriptBuildPhase;
			buildActionMask = 2147483647;
			files = (
			);
			inputFileListPaths = (
			);
			inputPaths = (
				"${PODS_PODFILE_DIR_PATH}/Podfile.lock",
				"${PODS_ROOT}/Manifest.lock",
			);
			name = "[CP] Check Pods Manifest.lock";
			outputFileListPaths = (
			);
			outputPaths = (
				"$(DERIVED_FILE_DIR)/Pods-hitradio-ios-hitradio-iosUITests-checkManifestLockResult.txt",
			);
			runOnlyForDeploymentPostprocessing = 0;
			shellPath = /bin/sh;
			shellScript = "diff \"${PODS_PODFILE_DIR_PATH}/Podfile.lock\" \"${PODS_ROOT}/Manifest.lock\" > /dev/null\nif [ $? != 0 ] ; then\n    # print error to STDERR\n    echo \"error: The sandbox is not in sync with the Podfile.lock. Run 'pod install' or update your CocoaPods installation.\" >&2\n    exit 1\nfi\n# This output is used by Xcode 'outputs' to avoid re-running this script phase.\necho \"SUCCESS\" > \"${SCRIPT_OUTPUT_FILE_0}\"\n";
			showEnvVarsInLog = 0;
		};
		A2FEB2D7FD2E72CCF7C6E8A3 /* [CP] Check Pods Manifest.lock */ = {
			isa = PBXShellScriptBuildPhase;
			buildActionMask = 2147483647;
			files = (
			);
			inputFileListPaths = (
			);
			inputPaths = (
				"${PODS_PODFILE_DIR_PATH}/Podfile.lock",
				"${PODS_ROOT}/Manifest.lock",
			);
			name = "[CP] Check Pods Manifest.lock";
			outputFileListPaths = (
			);
			outputPaths = (
				"$(DERIVED_FILE_DIR)/Pods-hitradio-ios-checkManifestLockResult.txt",
			);
			runOnlyForDeploymentPostprocessing = 0;
			shellPath = /bin/sh;
			shellScript = "diff \"${PODS_PODFILE_DIR_PATH}/Podfile.lock\" \"${PODS_ROOT}/Manifest.lock\" > /dev/null\nif [ $? != 0 ] ; then\n    # print error to STDERR\n    echo \"error: The sandbox is not in sync with the Podfile.lock. Run 'pod install' or update your CocoaPods installation.\" >&2\n    exit 1\nfi\n# This output is used by Xcode 'outputs' to avoid re-running this script phase.\necho \"SUCCESS\" > \"${SCRIPT_OUTPUT_FILE_0}\"\n";
			showEnvVarsInLog = 0;
		};
		C0F8E0C11145A8F702D01B02 /* [CP] Embed Pods Frameworks */ = {
			isa = PBXShellScriptBuildPhase;
			buildActionMask = 2147483647;
			files = (
			);
			inputFileListPaths = (
				"${PODS_ROOT}/Target Support Files/Pods-hitradio-iosTests/Pods-hitradio-iosTests-frameworks-${CONFIGURATION}-input-files.xcfilelist",
			);
			name = "[CP] Embed Pods Frameworks";
			outputFileListPaths = (
				"${PODS_ROOT}/Target Support Files/Pods-hitradio-iosTests/Pods-hitradio-iosTests-frameworks-${CONFIGURATION}-output-files.xcfilelist",
			);
			runOnlyForDeploymentPostprocessing = 0;
			shellPath = /bin/sh;
			shellScript = "\"${PODS_ROOT}/Target Support Files/Pods-hitradio-iosTests/Pods-hitradio-iosTests-frameworks.sh\"\n";
			showEnvVarsInLog = 0;
		};
		C8940B67C4C7E4C7A5DFA805 /* [CP] Embed Pods Frameworks */ = {
			isa = PBXShellScriptBuildPhase;
			buildActionMask = 2147483647;
			files = (
			);
			inputFileListPaths = (
				"${PODS_ROOT}/Target Support Files/Pods-hitradio-ios/Pods-hitradio-ios-frameworks-${CONFIGURATION}-input-files.xcfilelist",
			);
			name = "[CP] Embed Pods Frameworks";
			outputFileListPaths = (
				"${PODS_ROOT}/Target Support Files/Pods-hitradio-ios/Pods-hitradio-ios-frameworks-${CONFIGURATION}-output-files.xcfilelist",
			);
			runOnlyForDeploymentPostprocessing = 0;
			shellPath = /bin/sh;
			shellScript = "\"${PODS_ROOT}/Target Support Files/Pods-hitradio-ios/Pods-hitradio-ios-frameworks.sh\"\n";
			showEnvVarsInLog = 0;
		};
		D7D38B27B825BAEA4A6C9E9F /* [CP] Check Pods Manifest.lock */ = {
			isa = PBXShellScriptBuildPhase;
			buildActionMask = 2147483647;
			files = (
			);
			inputFileListPaths = (
			);
			inputPaths = (
				"${PODS_PODFILE_DIR_PATH}/Podfile.lock",
				"${PODS_ROOT}/Manifest.lock",
			);
			name = "[CP] Check Pods Manifest.lock";
			outputFileListPaths = (
			);
			outputPaths = (
				"$(DERIVED_FILE_DIR)/Pods-hitradio-iosTests-checkManifestLockResult.txt",
			);
			runOnlyForDeploymentPostprocessing = 0;
			shellPath = /bin/sh;
			shellScript = "diff \"${PODS_PODFILE_DIR_PATH}/Podfile.lock\" \"${PODS_ROOT}/Manifest.lock\" > /dev/null\nif [ $? != 0 ] ; then\n    # print error to STDERR\n    echo \"error: The sandbox is not in sync with the Podfile.lock. Run 'pod install' or update your CocoaPods installation.\" >&2\n    exit 1\nfi\n# This output is used by Xcode 'outputs' to avoid re-running this script phase.\necho \"SUCCESS\" > \"${SCRIPT_OUTPUT_FILE_0}\"\n";
			showEnvVarsInLog = 0;
		};
		EF6B0ED76D5D68A19DCC8D44 /* [CP] Embed Pods Frameworks */ = {
			isa = PBXShellScriptBuildPhase;
			buildActionMask = 2147483647;
			files = (
			);
			inputFileListPaths = (
				"${PODS_ROOT}/Target Support Files/Pods-hitradio-ios-hitradio-iosUITests/Pods-hitradio-ios-hitradio-iosUITests-frameworks-${CONFIGURATION}-input-files.xcfilelist",
			);
			name = "[CP] Embed Pods Frameworks";
			outputFileListPaths = (
				"${PODS_ROOT}/Target Support Files/Pods-hitradio-ios-hitradio-iosUITests/Pods-hitradio-ios-hitradio-iosUITests-frameworks-${CONFIGURATION}-output-files.xcfilelist",
			);
			runOnlyForDeploymentPostprocessing = 0;
			shellPath = /bin/sh;
			shellScript = "\"${PODS_ROOT}/Target Support Files/Pods-hitradio-ios-hitradio-iosUITests/Pods-hitradio-ios-hitradio-iosUITests-frameworks.sh\"\n";
			showEnvVarsInLog = 0;
		};
/* End PBXShellScriptBuildPhase section */

/* Begin PBXSourcesBuildPhase section */
		2C094CF426F0F676003E20CE /* Sources */ = {
			isa = PBXSourcesBuildPhase;
			buildActionMask = 2147483647;
			files = (
				2C8C6475270B1379000D187A /* SeekPositionManager.swift in Sources */,
				2CD5A82226FD23270045D7ED /* AppDelegate.swift in Sources */,
				2C094D4126F46237003E20CE /* SimpleSource.swift in Sources */,
				2C094D4426F46251003E20CE /* AudioController.swift in Sources */,
				2C094D4826F46263003E20CE /* AudioPlayer.swift in Sources */,
				2C094D3F26F46237003E20CE /* ChanginMetadataSource.swift in Sources */,
				2CEDA20B2722490C00CAD2BC /* PersonPageViewModel.swift in Sources */,
				2C094D6426F463C7003E20CE /* NowPlayingPage.swift in Sources */,
				2C094D4026F46237003E20CE /* MetadataObserver.swift in Sources */,
				2CD5A81626FD18790045D7ED /* Blur.swift in Sources */,
				2C094D5626F462E1003E20CE /* PodcastProgram.swift in Sources */,
				2C5E7DA627219B6E00EBB69E /* HomePage.swift in Sources */,
				2CEDA2012722414400CAD2BC /* ProgramPage.swift in Sources */,
				2C094D4526F46251003E20CE /* MetaData.swift in Sources */,
				2CEDA20F27224AD400CAD2BC /* SettingsPage.swift in Sources */,
				2C973D96270C825900156E13 /* News.swift in Sources */,
				2CB4CC082718D88E00BDE6F4 /* NewsPage.swift in Sources */,
				2CEDA1F5272233A600CAD2BC /* EpisodesPage.swift in Sources */,
				2CEDA1FF2722405600CAD2BC /* ProgramsPageViewModel.swift in Sources */,
				2CEDA2072722439500CAD2BC /* PeoplePageViewModel.swift in Sources */,
				2C87D8A6274C1F6300F878BD /* Image.swift in Sources */,
				2C094D6226F463C7003E20CE /* NowPlayingBar.swift in Sources */,
				2C094D6326F463C7003E20CE /* VolumeSlider.swift in Sources */,
				2C973D98270C83A500156E13 /* NewsRepository.swift in Sources */,
				2C87D89E274BFDB400F878BD /* Card.swift in Sources */,
				2C094D4B26F4628F003E20CE /* ProgramsResult.swift in Sources */,
				2C094D5726F462E1003E20CE /* PodcastItem.swift in Sources */,
				2C8C6470270B0A63000D187A /* SeekSlider.swift in Sources */,
				2CEDA1FD2722404900CAD2BC /* ProgramsPage.swift in Sources */,
				2C7FCC06274C309B00E10294 /* SmallCard.swift in Sources */,
				2CD5A81326FD18440045D7ED /* MetadataRepository.swift in Sources */,
				2C094D5326F462B1003E20CE /* ProgramGuideItem.swift in Sources */,
				2C094D3826F46225003E20CE /* SourceUrl.swift in Sources */,
				2C094CFE26F0F676003E20CE /* ContentView.swift in Sources */,
				2C094CFC26F0F676003E20CE /* hitradio_iosApp.swift in Sources */,
				2CEDA21127224B5000CAD2BC /* HomePageViewModel.swift in Sources */,
				2CE5F3152715B9060046DC45 /* Person.swift in Sources */,
				2CEDA20D27224AC600CAD2BC /* LoginPage.swift in Sources */,
				2CE5F3112715B7A90046DC45 /* Program.swift in Sources */,
				2CD5A81A26FD18870045D7ED /* HTMLView.swift in Sources */,
				2C5E7DAF2721A47F00EBB69E /* DiscoverPageViewModel.swift in Sources */,
				2C094D5D26F46399003E20CE /* Audiotest.swift in Sources */,
				2CB4CC0A2718D95C00BDE6F4 /* NewsPageViewModel.swift in Sources */,
				2C8C6473270B0E28000D187A /* NetworkObserver.swift in Sources */,
				2C094D4926F46263003E20CE /* AudioPlayingStateObserver.swift in Sources */,
				2C5E7DA827219C0300EBB69E /* LivePage.swift in Sources */,
				2C094D3E26F46237003E20CE /* Source.swift in Sources */,
				2CD5A81826FD18800045D7ED /* SearchBar.swift in Sources */,
				2C094D5E26F46399003E20CE /* AudiotestModel.swift in Sources */,
				2C87D8A4274C1B9600F878BD /* Shadow.swift in Sources */,
				2CEDA1F92722372800CAD2BC /* EpisodePage.swift in Sources */,
				2CEDA2032722423B00CAD2BC /* ProgramPageViewModel.swift in Sources */,
				2CD5A81D26FD1C950045D7ED /* Song.swift in Sources */,
				2CEDA1FB272237FC00CAD2BC /* EpisodePageViewModel.swift in Sources */,
				2CEDA2052722438800CAD2BC /* PeoplePage.swift in Sources */,
				2CD5A81E26FD1C950045D7ED /* SongEvent.swift in Sources */,
				2C5E7DAA27219C1400EBB69E /* LivePageViewModel.swift in Sources */,
				2CE5F3132715B8820046DC45 /* Episode.swift in Sources */,
				2C87D8A1274C052000F878BD /* PlayPauseButton.swift in Sources */,
				2CE5F3182715BAFD0046DC45 /* ProgramRepository.swift in Sources */,
				2C5E7DAD2721A46C00EBB69E /* DiscoverPage.swift in Sources */,
				2CEDA1F7272233B400CAD2BC /* EpisodesPageViewModel.swift in Sources */,
				2C094D5A26F46314003E20CE /* PodcastApi.swift in Sources */,
				2C87D89B274BF70900F878BD /* Theme.swift in Sources */,
				2CEDA1F127222C3800CAD2BC /* NewsItemPage.swift in Sources */,
				2CEDA1F327222C5E00CAD2BC /* NewsItemPageViewModel.swift in Sources */,
				2C094D3926F46225003E20CE /* StreamQuality.swift in Sources */,
				2C7599C32709CD3600C9801E /* SystemMetadataUpdater.swift in Sources */,
				2C094D5126F462A9003E20CE /* ProgramGuideApi.swift in Sources */,
				2CEDA2092722473F00CAD2BC /* PersonPage.swift in Sources */,
				2C094D4F26F4629B003E20CE /* CurrentProgramObserver.swift in Sources */,
				2C094D4E26F4629B003E20CE /* CurrentProgramChanger.swift in Sources */,
			);
			runOnlyForDeploymentPostprocessing = 0;
		};
		2C094D0526F0F677003E20CE /* Sources */ = {
			isa = PBXSourcesBuildPhase;
			buildActionMask = 2147483647;
			files = (
				2C094D0E26F0F677003E20CE /* hitradio_iosTests.swift in Sources */,
			);
			runOnlyForDeploymentPostprocessing = 0;
		};
		2C094D1026F0F677003E20CE /* Sources */ = {
			isa = PBXSourcesBuildPhase;
			buildActionMask = 2147483647;
			files = (
				2C094D1926F0F678003E20CE /* hitradio_iosUITests.swift in Sources */,
			);
			runOnlyForDeploymentPostprocessing = 0;
		};
/* End PBXSourcesBuildPhase section */

/* Begin PBXTargetDependency section */
		2C094D0B26F0F677003E20CE /* PBXTargetDependency */ = {
			isa = PBXTargetDependency;
			target = 2C094CF726F0F676003E20CE /* hitradio-ios */;
			targetProxy = 2C094D0A26F0F677003E20CE /* PBXContainerItemProxy */;
		};
		2C094D1626F0F677003E20CE /* PBXTargetDependency */ = {
			isa = PBXTargetDependency;
			target = 2C094CF726F0F676003E20CE /* hitradio-ios */;
			targetProxy = 2C094D1526F0F677003E20CE /* PBXContainerItemProxy */;
		};
/* End PBXTargetDependency section */

/* Begin XCBuildConfiguration section */
		2C094D1B26F0F678003E20CE /* Debug */ = {
			isa = XCBuildConfiguration;
			buildSettings = {
				ALWAYS_SEARCH_USER_PATHS = NO;
				CLANG_ANALYZER_NONNULL = YES;
				CLANG_ANALYZER_NUMBER_OBJECT_CONVERSION = YES_AGGRESSIVE;
				CLANG_CXX_LANGUAGE_STANDARD = "gnu++14";
				CLANG_CXX_LIBRARY = "libc++";
				CLANG_ENABLE_MODULES = YES;
				CLANG_ENABLE_OBJC_ARC = YES;
				CLANG_ENABLE_OBJC_WEAK = YES;
				CLANG_WARN_BLOCK_CAPTURE_AUTORELEASING = YES;
				CLANG_WARN_BOOL_CONVERSION = YES;
				CLANG_WARN_COMMA = YES;
				CLANG_WARN_CONSTANT_CONVERSION = YES;
				CLANG_WARN_DEPRECATED_OBJC_IMPLEMENTATIONS = YES;
				CLANG_WARN_DIRECT_OBJC_ISA_USAGE = YES_ERROR;
				CLANG_WARN_DOCUMENTATION_COMMENTS = YES;
				CLANG_WARN_EMPTY_BODY = YES;
				CLANG_WARN_ENUM_CONVERSION = YES;
				CLANG_WARN_INFINITE_RECURSION = YES;
				CLANG_WARN_INT_CONVERSION = YES;
				CLANG_WARN_NON_LITERAL_NULL_CONVERSION = YES;
				CLANG_WARN_OBJC_IMPLICIT_RETAIN_SELF = YES;
				CLANG_WARN_OBJC_LITERAL_CONVERSION = YES;
				CLANG_WARN_OBJC_ROOT_CLASS = YES_ERROR;
				CLANG_WARN_QUOTED_INCLUDE_IN_FRAMEWORK_HEADER = YES;
				CLANG_WARN_RANGE_LOOP_ANALYSIS = YES;
				CLANG_WARN_STRICT_PROTOTYPES = YES;
				CLANG_WARN_SUSPICIOUS_MOVE = YES;
				CLANG_WARN_UNGUARDED_AVAILABILITY = YES_AGGRESSIVE;
				CLANG_WARN_UNREACHABLE_CODE = YES;
				CLANG_WARN__DUPLICATE_METHOD_MATCH = YES;
				COPY_PHASE_STRIP = NO;
				DEBUG_INFORMATION_FORMAT = dwarf;
				ENABLE_STRICT_OBJC_MSGSEND = YES;
				ENABLE_TESTABILITY = YES;
				GCC_C_LANGUAGE_STANDARD = gnu11;
				GCC_DYNAMIC_NO_PIC = NO;
				GCC_NO_COMMON_BLOCKS = YES;
				GCC_OPTIMIZATION_LEVEL = 0;
				GCC_PREPROCESSOR_DEFINITIONS = (
					"DEBUG=1",
					"$(inherited)",
				);
				GCC_WARN_64_TO_32_BIT_CONVERSION = YES;
				GCC_WARN_ABOUT_RETURN_TYPE = YES_ERROR;
				GCC_WARN_UNDECLARED_SELECTOR = YES;
				GCC_WARN_UNINITIALIZED_AUTOS = YES_AGGRESSIVE;
				GCC_WARN_UNUSED_FUNCTION = YES;
				GCC_WARN_UNUSED_VARIABLE = YES;
				IPHONEOS_DEPLOYMENT_TARGET = 14.5;
				MTL_ENABLE_DEBUG_INFO = INCLUDE_SOURCE;
				MTL_FAST_MATH = YES;
				ONLY_ACTIVE_ARCH = YES;
				SDKROOT = iphoneos;
				SWIFT_ACTIVE_COMPILATION_CONDITIONS = DEBUG;
				SWIFT_OPTIMIZATION_LEVEL = "-Onone";
			};
			name = Debug;
		};
		2C094D1C26F0F678003E20CE /* Release */ = {
			isa = XCBuildConfiguration;
			buildSettings = {
				ALWAYS_SEARCH_USER_PATHS = NO;
				CLANG_ANALYZER_NONNULL = YES;
				CLANG_ANALYZER_NUMBER_OBJECT_CONVERSION = YES_AGGRESSIVE;
				CLANG_CXX_LANGUAGE_STANDARD = "gnu++14";
				CLANG_CXX_LIBRARY = "libc++";
				CLANG_ENABLE_MODULES = YES;
				CLANG_ENABLE_OBJC_ARC = YES;
				CLANG_ENABLE_OBJC_WEAK = YES;
				CLANG_WARN_BLOCK_CAPTURE_AUTORELEASING = YES;
				CLANG_WARN_BOOL_CONVERSION = YES;
				CLANG_WARN_COMMA = YES;
				CLANG_WARN_CONSTANT_CONVERSION = YES;
				CLANG_WARN_DEPRECATED_OBJC_IMPLEMENTATIONS = YES;
				CLANG_WARN_DIRECT_OBJC_ISA_USAGE = YES_ERROR;
				CLANG_WARN_DOCUMENTATION_COMMENTS = YES;
				CLANG_WARN_EMPTY_BODY = YES;
				CLANG_WARN_ENUM_CONVERSION = YES;
				CLANG_WARN_INFINITE_RECURSION = YES;
				CLANG_WARN_INT_CONVERSION = YES;
				CLANG_WARN_NON_LITERAL_NULL_CONVERSION = YES;
				CLANG_WARN_OBJC_IMPLICIT_RETAIN_SELF = YES;
				CLANG_WARN_OBJC_LITERAL_CONVERSION = YES;
				CLANG_WARN_OBJC_ROOT_CLASS = YES_ERROR;
				CLANG_WARN_QUOTED_INCLUDE_IN_FRAMEWORK_HEADER = YES;
				CLANG_WARN_RANGE_LOOP_ANALYSIS = YES;
				CLANG_WARN_STRICT_PROTOTYPES = YES;
				CLANG_WARN_SUSPICIOUS_MOVE = YES;
				CLANG_WARN_UNGUARDED_AVAILABILITY = YES_AGGRESSIVE;
				CLANG_WARN_UNREACHABLE_CODE = YES;
				CLANG_WARN__DUPLICATE_METHOD_MATCH = YES;
				COPY_PHASE_STRIP = NO;
				DEBUG_INFORMATION_FORMAT = "dwarf-with-dsym";
				ENABLE_NS_ASSERTIONS = NO;
				ENABLE_STRICT_OBJC_MSGSEND = YES;
				GCC_C_LANGUAGE_STANDARD = gnu11;
				GCC_NO_COMMON_BLOCKS = YES;
				GCC_WARN_64_TO_32_BIT_CONVERSION = YES;
				GCC_WARN_ABOUT_RETURN_TYPE = YES_ERROR;
				GCC_WARN_UNDECLARED_SELECTOR = YES;
				GCC_WARN_UNINITIALIZED_AUTOS = YES_AGGRESSIVE;
				GCC_WARN_UNUSED_FUNCTION = YES;
				GCC_WARN_UNUSED_VARIABLE = YES;
				IPHONEOS_DEPLOYMENT_TARGET = 14.5;
				MTL_ENABLE_DEBUG_INFO = NO;
				MTL_FAST_MATH = YES;
				SDKROOT = iphoneos;
				SWIFT_COMPILATION_MODE = wholemodule;
				SWIFT_OPTIMIZATION_LEVEL = "-O";
				VALIDATE_PRODUCT = YES;
			};
			name = Release;
		};
		2C094D1E26F0F678003E20CE /* Debug */ = {
			isa = XCBuildConfiguration;
			baseConfigurationReference = B80A9BFD36509ED6C3C7D647 /* Pods-hitradio-ios.debug.xcconfig */;
			buildSettings = {
				ASSETCATALOG_COMPILER_APPICON_NAME = AppIcon;
				ASSETCATALOG_COMPILER_GLOBAL_ACCENT_COLOR_NAME = AccentColor;
				CODE_SIGN_STYLE = Automatic;
				DEVELOPMENT_ASSET_PATHS = "\"hitradio-ios/Preview Content\"";
				DEVELOPMENT_TEAM = 8XQHKV2P6A;
				ENABLE_PREVIEWS = YES;
				INFOPLIST_FILE = "hitradio-ios/Info.plist";
				IPHONEOS_DEPLOYMENT_TARGET = 14.0;
				LD_RUNPATH_SEARCH_PATHS = (
					"$(inherited)",
					"@executable_path/Frameworks",
				);
				PRODUCT_BUNDLE_IDENTIFIER = "hu.oszlanyizsolt.hitradio-ios";
				PRODUCT_NAME = "$(TARGET_NAME)";
				SWIFT_VERSION = 5.0;
				TARGETED_DEVICE_FAMILY = "1,2";
			};
			name = Debug;
		};
		2C094D1F26F0F678003E20CE /* Release */ = {
			isa = XCBuildConfiguration;
			baseConfigurationReference = 98FFD7653E10E534B086FDFA /* Pods-hitradio-ios.release.xcconfig */;
			buildSettings = {
				ASSETCATALOG_COMPILER_APPICON_NAME = AppIcon;
				ASSETCATALOG_COMPILER_GLOBAL_ACCENT_COLOR_NAME = AccentColor;
				CODE_SIGN_STYLE = Automatic;
				DEVELOPMENT_ASSET_PATHS = "\"hitradio-ios/Preview Content\"";
				DEVELOPMENT_TEAM = 8XQHKV2P6A;
				ENABLE_PREVIEWS = YES;
				INFOPLIST_FILE = "hitradio-ios/Info.plist";
				IPHONEOS_DEPLOYMENT_TARGET = 14.0;
				LD_RUNPATH_SEARCH_PATHS = (
					"$(inherited)",
					"@executable_path/Frameworks",
				);
				PRODUCT_BUNDLE_IDENTIFIER = "hu.oszlanyizsolt.hitradio-ios";
				PRODUCT_NAME = "$(TARGET_NAME)";
				SWIFT_VERSION = 5.0;
				TARGETED_DEVICE_FAMILY = "1,2";
			};
			name = Release;
		};
		2C094D2126F0F678003E20CE /* Debug */ = {
			isa = XCBuildConfiguration;
			baseConfigurationReference = 38887BA8A8E1E77C9A16CD3E /* Pods-hitradio-iosTests.debug.xcconfig */;
			buildSettings = {
				ALWAYS_EMBED_SWIFT_STANDARD_LIBRARIES = YES;
				BUNDLE_LOADER = "$(TEST_HOST)";
				CODE_SIGN_STYLE = Automatic;
				DEVELOPMENT_TEAM = 8XQHKV2P6A;
				INFOPLIST_FILE = "hitradio-iosTests/Info.plist";
				IPHONEOS_DEPLOYMENT_TARGET = 14.0;
				LD_RUNPATH_SEARCH_PATHS = (
					"$(inherited)",
					"@executable_path/Frameworks",
					"@loader_path/Frameworks",
				);
				PRODUCT_BUNDLE_IDENTIFIER = "hu.oszlanyizsolt.hitradio-iosTests";
				PRODUCT_NAME = "$(TARGET_NAME)";
				SWIFT_VERSION = 5.0;
				TARGETED_DEVICE_FAMILY = "1,2";
				TEST_HOST = "$(BUILT_PRODUCTS_DIR)/hitradio-ios.app/hitradio-ios";
			};
			name = Debug;
		};
		2C094D2226F0F678003E20CE /* Release */ = {
			isa = XCBuildConfiguration;
			baseConfigurationReference = 6AF778F75D047E38BCFCE096 /* Pods-hitradio-iosTests.release.xcconfig */;
			buildSettings = {
				ALWAYS_EMBED_SWIFT_STANDARD_LIBRARIES = YES;
				BUNDLE_LOADER = "$(TEST_HOST)";
				CODE_SIGN_STYLE = Automatic;
				DEVELOPMENT_TEAM = 8XQHKV2P6A;
				INFOPLIST_FILE = "hitradio-iosTests/Info.plist";
				IPHONEOS_DEPLOYMENT_TARGET = 14.0;
				LD_RUNPATH_SEARCH_PATHS = (
					"$(inherited)",
					"@executable_path/Frameworks",
					"@loader_path/Frameworks",
				);
				PRODUCT_BUNDLE_IDENTIFIER = "hu.oszlanyizsolt.hitradio-iosTests";
				PRODUCT_NAME = "$(TARGET_NAME)";
				SWIFT_VERSION = 5.0;
				TARGETED_DEVICE_FAMILY = "1,2";
				TEST_HOST = "$(BUILT_PRODUCTS_DIR)/hitradio-ios.app/hitradio-ios";
			};
			name = Release;
		};
		2C094D2426F0F678003E20CE /* Debug */ = {
			isa = XCBuildConfiguration;
			baseConfigurationReference = 404C7E3E74CE05E59B693895 /* Pods-hitradio-ios-hitradio-iosUITests.debug.xcconfig */;
			buildSettings = {
				ALWAYS_EMBED_SWIFT_STANDARD_LIBRARIES = YES;
				CODE_SIGN_STYLE = Automatic;
				DEVELOPMENT_TEAM = 8XQHKV2P6A;
				INFOPLIST_FILE = "hitradio-iosUITests/Info.plist";
				LD_RUNPATH_SEARCH_PATHS = (
					"$(inherited)",
					"@executable_path/Frameworks",
					"@loader_path/Frameworks",
				);
				PRODUCT_BUNDLE_IDENTIFIER = "hu.oszlanyizsolt.hitradio-iosUITests";
				PRODUCT_NAME = "$(TARGET_NAME)";
				SWIFT_VERSION = 5.0;
				TARGETED_DEVICE_FAMILY = "1,2";
				TEST_TARGET_NAME = "hitradio-ios";
			};
			name = Debug;
		};
		2C094D2526F0F678003E20CE /* Release */ = {
			isa = XCBuildConfiguration;
			baseConfigurationReference = 373934BE3129904E3F01AFB9 /* Pods-hitradio-ios-hitradio-iosUITests.release.xcconfig */;
			buildSettings = {
				ALWAYS_EMBED_SWIFT_STANDARD_LIBRARIES = YES;
				CODE_SIGN_STYLE = Automatic;
				DEVELOPMENT_TEAM = 8XQHKV2P6A;
				INFOPLIST_FILE = "hitradio-iosUITests/Info.plist";
				LD_RUNPATH_SEARCH_PATHS = (
					"$(inherited)",
					"@executable_path/Frameworks",
					"@loader_path/Frameworks",
				);
				PRODUCT_BUNDLE_IDENTIFIER = "hu.oszlanyizsolt.hitradio-iosUITests";
				PRODUCT_NAME = "$(TARGET_NAME)";
				SWIFT_VERSION = 5.0;
				TARGETED_DEVICE_FAMILY = "1,2";
				TEST_TARGET_NAME = "hitradio-ios";
			};
			name = Release;
		};
/* End XCBuildConfiguration section */

/* Begin XCConfigurationList section */
		2C094CF326F0F676003E20CE /* Build configuration list for PBXProject "hitradio-ios" */ = {
			isa = XCConfigurationList;
			buildConfigurations = (
				2C094D1B26F0F678003E20CE /* Debug */,
				2C094D1C26F0F678003E20CE /* Release */,
			);
			defaultConfigurationIsVisible = 0;
			defaultConfigurationName = Release;
		};
		2C094D1D26F0F678003E20CE /* Build configuration list for PBXNativeTarget "hitradio-ios" */ = {
			isa = XCConfigurationList;
			buildConfigurations = (
				2C094D1E26F0F678003E20CE /* Debug */,
				2C094D1F26F0F678003E20CE /* Release */,
			);
			defaultConfigurationIsVisible = 0;
			defaultConfigurationName = Release;
		};
		2C094D2026F0F678003E20CE /* Build configuration list for PBXNativeTarget "hitradio-iosTests" */ = {
			isa = XCConfigurationList;
			buildConfigurations = (
				2C094D2126F0F678003E20CE /* Debug */,
				2C094D2226F0F678003E20CE /* Release */,
			);
			defaultConfigurationIsVisible = 0;
			defaultConfigurationName = Release;
		};
		2C094D2326F0F678003E20CE /* Build configuration list for PBXNativeTarget "hitradio-iosUITests" */ = {
			isa = XCConfigurationList;
			buildConfigurations = (
				2C094D2426F0F678003E20CE /* Debug */,
				2C094D2526F0F678003E20CE /* Release */,
			);
			defaultConfigurationIsVisible = 0;
			defaultConfigurationName = Release;
		};
/* End XCConfigurationList section */

/* Begin XCRemoteSwiftPackageReference section */
		2C5E7DA22721994D00EBB69E /* XCRemoteSwiftPackageReference "SwiftUIRouter" */ = {
			isa = XCRemoteSwiftPackageReference;
			repositoryURL = "https://github.com/frzi/SwiftUIRouter.git";
			requirement = {
				kind = upToNextMajorVersion;
				minimumVersion = 1.0.0;
			};
		};
/* End XCRemoteSwiftPackageReference section */

/* Begin XCSwiftPackageProductDependency section */
		2C5E7DA32721994D00EBB69E /* SwiftUIRouter */ = {
			isa = XCSwiftPackageProductDependency;
			package = 2C5E7DA22721994D00EBB69E /* XCRemoteSwiftPackageReference "SwiftUIRouter" */;
			productName = SwiftUIRouter;
		};
/* End XCSwiftPackageProductDependency section */
	};
	rootObject = 2C094CF026F0F676003E20CE /* Project object */;
}
